
Microsoft Visual Studio Solution File, Format Version 12.00
# Visual Studio Version 17
VisualStudioVersion = 17.3.32929.385
MinimumVisualStudioVersion = 10.0.40219.1
Project("{FAE04EC0-301F-11D3-BF4B-00C04F79EFBC}") = "MagicVilla_VillaAPI", "MagicVilla_VillaAPI\MagicVilla_VillaAPI.csproj", "{DC929A8A-4358-415B-B761-FF92A77905FE}"
EndProject
Global
	GlobalSection(SolutionConfigurationPlatforms) = preSolution
		Debug|Any CPU = Debug|Any CPU
		Release|Any CPU = Release|Any CPU
	EndGlobalSection
	GlobalSection(ProjectConfigurationPlatforms) = postSolution
		{DC929A8A-4358-415B-B761-FF92A77905FE}.Debug|Any CPU.ActiveCfg = Debug|Any CPU
		{DC929A8A-4358-415B-B761-FF92A77905FE}.Debug|Any CPU.Build.0 = Debug|Any CPU
		{DC929A8A-4358-415B-B761-FF92A77905FE}.Release|Any CPU.ActiveCfg = Release|Any CPU
		{DC929A8A-4358-415B-B761-FF92A77905FE}.Release|Any CPU.Build.0 = Release|Any CPU
	EndGlobalSection
	GlobalSection(SolutionProperties) = preSolution
		HideSolutionNode = FALSE
	EndGlobalSection
	GlobalSection(ExtensibilityGlobals) = postSolution
		SolutionGuid = {5E503E1E-DCFC-4EA1-BDEE-6D78D83B2459}
	EndGlobalSection
EndGlobal
